// !$*UTF8*$!
{
	archiveVersion = 1;
	classes = {
	};
	objectVersion = 46;
	objects = {

/* Begin PBXBuildFile section */
		3615A1931CD834C400C2FE18 /* Image.cpp in Sources */ = {isa = PBXBuildFile; fileRef = 3615A1911CD834C400C2FE18 /* Image.cpp */; };
		3667D8501CAD7AA000D66496 /* SourceImage.cpp in Sources */ = {isa = PBXBuildFile; fileRef = 3667D84E1CAD7AA000D66496 /* SourceImage.cpp */; };
		3667D8531CAD7D7E00D66496 /* Texture.cpp in Sources */ = {isa = PBXBuildFile; fileRef = 3667D8511CAD7D7E00D66496 /* Texture.cpp */; };
		366B64DC1CB0ADA200D631C3 /* main.cpp in Sources */ = {isa = PBXBuildFile; fileRef = 366B64DB1CB0ADA200D631C3 /* main.cpp */; };
		36ABD7D31C8605DE00C50047 /* OpenGL.framework in Frameworks */ = {isa = PBXBuildFile; fileRef = 36ABD7D21C8605DE00C50047 /* OpenGL.framework */; };
		36ABD7D51C8605E300C50047 /* GLUT.framework in Frameworks */ = {isa = PBXBuildFile; fileRef = 36ABD7D41C8605E300C50047 /* GLUT.framework */; };
/* End PBXBuildFile section */

/* Begin PBXCopyFilesBuildPhase section */
		36ABD7C61C86057100C50047 /* CopyFiles */ = {
			isa = PBXCopyFilesBuildPhase;
			buildActionMask = 2147483647;
			dstPath = /usr/share/man/man1/;
			dstSubfolderSpec = 0;
			files = (
			);
			runOnlyForDeploymentPostprocessing = 1;
		};
/* End PBXCopyFilesBuildPhase section */

/* Begin PBXFileReference section */
		3615A1911CD834C400C2FE18 /* Image.cpp */ = {isa = PBXFileReference; fileEncoding = 4; lastKnownFileType = sourcecode.cpp.cpp; path = Image.cpp; sourceTree = "<group>"; };
		3615A1921CD834C400C2FE18 /* Image.hpp */ = {isa = PBXFileReference; fileEncoding = 4; lastKnownFileType = sourcecode.cpp.h; path = Image.hpp; sourceTree = "<group>"; };
		3667D84E1CAD7AA000D66496 /* SourceImage.cpp */ = {isa = PBXFileReference; fileEncoding = 4; lastKnownFileType = sourcecode.cpp.cpp; path = SourceImage.cpp; sourceTree = "<group>"; };
		3667D84F1CAD7AA000D66496 /* SourceImage.hpp */ = {isa = PBXFileReference; fileEncoding = 4; lastKnownFileType = sourcecode.cpp.h; path = SourceImage.hpp; sourceTree = "<group>"; };
		3667D8511CAD7D7E00D66496 /* Texture.cpp */ = {isa = PBXFileReference; fileEncoding = 4; lastKnownFileType = sourcecode.cpp.cpp; path = Texture.cpp; sourceTree = "<group>"; };
		3667D8521CAD7D7E00D66496 /* Texture.hpp */ = {isa = PBXFileReference; fileEncoding = 4; lastKnownFileType = sourcecode.cpp.h; path = Texture.hpp; sourceTree = "<group>"; };
		366B64DB1CB0ADA200D631C3 /* main.cpp */ = {isa = PBXFileReference; fileEncoding = 4; lastKnownFileType = sourcecode.cpp.cpp; path = main.cpp; sourceTree = "<group>"; };
		36ABD7C81C86057100C50047 /* Image Quilting */ = {isa = PBXFileReference; explicitFileType = "compiled.mach-o.executable"; includeInIndex = 0; path = "Image Quilting"; sourceTree = BUILT_PRODUCTS_DIR; };
		36ABD7D21C8605DE00C50047 /* OpenGL.framework */ = {isa = PBXFileReference; lastKnownFileType = wrapper.framework; name = OpenGL.framework; path = System/Library/Frameworks/OpenGL.framework; sourceTree = SDKROOT; };
		36ABD7D41C8605E300C50047 /* GLUT.framework */ = {isa = PBXFileReference; lastKnownFileType = wrapper.framework; name = GLUT.framework; path = System/Library/Frameworks/GLUT.framework; sourceTree = SDKROOT; };
/* End PBXFileReference section */

/* Begin PBXFrameworksBuildPhase section */
		36ABD7C51C86057100C50047 /* Frameworks */ = {
			isa = PBXFrameworksBuildPhase;
			buildActionMask = 2147483647;
			files = (
				36ABD7D51C8605E300C50047 /* GLUT.framework in Frameworks */,
				36ABD7D31C8605DE00C50047 /* OpenGL.framework in Frameworks */,
			);
			runOnlyForDeploymentPostprocessing = 0;
		};
/* End PBXFrameworksBuildPhase section */

/* Begin PBXGroup section */
		36ABD7BF1C86057100C50047 = {
			isa = PBXGroup;
			children = (
				36ABD7D41C8605E300C50047 /* GLUT.framework */,
				36ABD7D21C8605DE00C50047 /* OpenGL.framework */,
				36ABD7CA1C86057100C50047 /* Image Quilting */,
				36ABD7C91C86057100C50047 /* Products */,
			);
			sourceTree = "<group>";
		};
		36ABD7C91C86057100C50047 /* Products */ = {
			isa = PBXGroup;
			children = (
				36ABD7C81C86057100C50047 /* Image Quilting */,
			);
			name = Products;
			sourceTree = "<group>";
		};
		36ABD7CA1C86057100C50047 /* Image Quilting */ = {
			isa = PBXGroup;
			children = (
				366B64DB1CB0ADA200D631C3 /* main.cpp */,
				3615A1911CD834C400C2FE18 /* Image.cpp */,
				3615A1921CD834C400C2FE18 /* Image.hpp */,
				3667D84E1CAD7AA000D66496 /* SourceImage.cpp */,
				3667D84F1CAD7AA000D66496 /* SourceImage.hpp */,
				3667D8511CAD7D7E00D66496 /* Texture.cpp */,
				3667D8521CAD7D7E00D66496 /* Texture.hpp */,
			);
			path = "Image Quilting";
			sourceTree = "<group>";
		};
/* End PBXGroup section */

/* Begin PBXNativeTarget section */
		36ABD7C71C86057100C50047 /* Image Quilting */ = {
			isa = PBXNativeTarget;
			buildConfigurationList = 36ABD7CF1C86057100C50047 /* Build configuration list for PBXNativeTarget "Image Quilting" */;
			buildPhases = (
				36ABD7C41C86057100C50047 /* Sources */,
				36ABD7C51C86057100C50047 /* Frameworks */,
				36ABD7C61C86057100C50047 /* CopyFiles */,
			);
			buildRules = (
			);
			dependencies = (
			);
			name = "Image Quilting";
			productName = "Image Quilting";
			productReference = 36ABD7C81C86057100C50047 /* Image Quilting */;
			productType = "com.apple.product-type.tool";
		};
/* End PBXNativeTarget section */

/* Begin PBXProject section */
		36ABD7C01C86057100C50047 /* Project object */ = {
			isa = PBXProject;
			attributes = {
				LastUpgradeCheck = 0720;
				ORGANIZATIONNAME = "Alex Scarlatos";
				TargetAttributes = {
					36ABD7C71C86057100C50047 = {
						CreatedOnToolsVersion = 7.2.1;
					};
				};
			};
			buildConfigurationList = 36ABD7C31C86057100C50047 /* Build configuration list for PBXProject "Image Quilting" */;
			compatibilityVersion = "Xcode 3.2";
			developmentRegion = English;
			hasScannedForEncodings = 0;
			knownRegions = (
				en,
			);
			mainGroup = 36ABD7BF1C86057100C50047;
			productRefGroup = 36ABD7C91C86057100C50047 /* Products */;
			projectDirPath = "";
			projectRoot = "";
			targets = (
				36ABD7C71C86057100C50047 /* Image Quilting */,
			);
		};
/* End PBXProject section */

/* Begin PBXSourcesBuildPhase section */
		36ABD7C41C86057100C50047 /* Sources */ = {
			isa = PBXSourcesBuildPhase;
			buildActionMask = 2147483647;
			files = (
				3667D8531CAD7D7E00D66496 /* Texture.cpp in Sources */,
				3615A1931CD834C400C2FE18 /* Image.cpp in Sources */,
				3667D8501CAD7AA000D66496 /* SourceImage.cpp in Sources */,
				366B64DC1CB0ADA200D631C3 /* main.cpp in Sources */,
			);
			runOnlyForDeploymentPostprocessing = 0;
		};
/* End PBXSourcesBuildPhase section */

/* Begin XCBuildConfiguration section */
		36ABD7CD1C86057100C50047 /* Debug */ = {
			isa = XCBuildConfiguration;
			buildSettings = {
				ALWAYS_SEARCH_USER_PATHS = NO;
				CLANG_CXX_LANGUAGE_STANDARD = "gnu++0x";
				CLANG_CXX_LIBRARY = "libc++";
				CLANG_ENABLE_MODULES = YES;
				CLANG_ENABLE_OBJC_ARC = YES;
				CLANG_WARN_BOOL_CONVERSION = YES;
				CLANG_WARN_CONSTANT_CONVERSION = YES;
				CLANG_WARN_DIRECT_OBJC_ISA_USAGE = YES_ERROR;
				CLANG_WARN_EMPTY_BODY = YES;
				CLANG_WARN_ENUM_CONVERSION = YES;
				CLANG_WARN_INT_CONVERSION = YES;
				CLANG_WARN_OBJC_ROOT_CLASS = YES_ERROR;
				CLANG_WARN_UNREACHABLE_CODE = YES;
				CLANG_WARN__DUPLICATE_METHOD_MATCH = YES;
				CODE_SIGN_IDENTITY = "-";
				COPY_PHASE_STRIP = NO;
				DEBUG_INFORMATION_FORMAT = dwarf;
				ENABLE_STRICT_OBJC_MSGSEND = YES;
				ENABLE_TESTABILITY = YES;
				GCC_C_LANGUAGE_STANDARD = gnu99;
				GCC_DYNAMIC_NO_PIC = NO;
				GCC_NO_COMMON_BLOCKS = YES;
				GCC_OPTIMIZATION_LEVEL = 0;
				GCC_PREPROCESSOR_DEFINITIONS = (
					"DEBUG=1",
					"$(inherited)",
				);
				GCC_WARN_64_TO_32_BIT_CONVERSION = YES;
				GCC_WARN_ABOUT_RETURN_TYPE = YES_ERROR;
				GCC_WARN_UNDECLARED_SELECTOR = YES;
				GCC_WARN_UNINITIALIZED_AUTOS = YES_AGGRESSIVE;
				GCC_WARN_UNUSED_FUNCTION = YES;
				GCC_WARN_UNUSED_VARIABLE = YES;
				MACOSX_DEPLOYMENT_TARGET = 10.11;
				MTL_ENABLE_DEBUG_INFO = YES;
				ONLY_ACTIVE_ARCH = YES;
				SDKROOT = macosx;
			};
			name = Debug;
		};
		36ABD7CE1C86057100C50047 /* Release */ = {
			isa = XCBuildConfiguration;
			buildSettings = {
				ALWAYS_SEARCH_USER_PATHS = NO;
				CLANG_CXX_LANGUAGE_STANDARD = "gnu++0x";
				CLANG_CXX_LIBRARY = "libc++";
				CLANG_ENABLE_MODULES = YES;
				CLANG_ENABLE_OBJC_ARC = YES;
				CLANG_WARN_BOOL_CONVERSION = YES;
				CLANG_WARN_CONSTANT_CONVERSION = YES;
				CLANG_WARN_DIRECT_OBJC_ISA_USAGE = YES_ERROR;
				CLANG_WARN_EMPTY_BODY = YES;
				CLANG_WARN_ENUM_CONVERSION = YES;
				CLANG_WARN_INT_CONVERSION = YES;
				CLANG_WARN_OBJC_ROOT_CLASS = YES_ERROR;
				CLANG_WARN_UNREACHABLE_CODE = YES;
				CLANG_WARN__DUPLICATE_METHOD_MATCH = YES;
				CODE_SIGN_IDENTITY = "-";
				COPY_PHASE_STRIP = NO;
				DEBUG_INFORMATION_FORMAT = "dwarf-with-dsym";
				ENABLE_NS_ASSERTIONS = NO;
				ENABLE_STRICT_OBJC_MSGSEND = YES;
				GCC_C_LANGUAGE_STANDARD = gnu99;
				GCC_NO_COMMON_BLOCKS = YES;
				GCC_WARN_64_TO_32_BIT_CONVERSION = YES;
				GCC_WARN_ABOUT_RETURN_TYPE = YES_ERROR;
				GCC_WARN_UNDECLARED_SELECTOR = YES;
				GCC_WARN_UNINITIALIZED_AUTOS = YES_AGGRESSIVE;
				GCC_WARN_UNUSED_FUNCTION = YES;
				GCC_WARN_UNUSED_VARIABLE = YES;
				MACOSX_DEPLOYMENT_TARGET = 10.11;
				MTL_ENABLE_DEBUG_INFO = NO;
				SDKROOT = macosx;
			};
			name = Release;
		};
		36ABD7D01C86057100C50047 /* Debug */ = {
			isa = XCBuildConfiguration;
			buildSettings = {
				HEADER_SEARCH_PATHS = "";
				LIBRARY_SEARCH_PATHS = "";
				OTHER_CFLAGS = "-Wno-deprecated";
				PRODUCT_NAME = "$(TARGET_NAME)";
			};
			name = Debug;
		};
		36ABD7D11C86057100C50047 /* Release */ = {
			isa = XCBuildConfiguration;
			buildSettings = {
				HEADER_SEARCH_PATHS = "";
				LIBRARY_SEARCH_PATHS = "";
				OTHER_CFLAGS = "-Wno-deprecated";
				PRODUCT_NAME = "$(TARGET_NAME)";
			};
			name = Release;
		};
/* End XCBuildConfiguration section */

/* Begin XCConfigurationList section */
		36ABD7C31C86057100C50047 /* Build configuration list for PBXProject "Image Quilting" */ = {
			isa = XCConfigurationList;
			buildConfigurations = (
				36ABD7CD1C86057100C50047 /* Debug */,
				36ABD7CE1C86057100C50047 /* Release */,
			);
			defaultConfigurationIsVisible = 0;
			defaultConfigurationName = Release;
		};
		36ABD7CF1C86057100C50047 /* Build configuration list for PBXNativeTarget "Image Quilting" */ = {
			isa = XCConfigurationList;
			buildConfigurations = (
				36ABD7D01C86057100C50047 /* Debug */,
				36ABD7D11C86057100C50047 /* Release */,
			);
			defaultConfigurationIsVisible = 0;
			defaultConfigurationName = Release;
		};
/* End XCConfigurationList section */
	};
	rootObject = 36ABD7C01C86057100C50047 /* Project object */;
}
